
Microsoft Visual Studio Solution File, Format Version 12.00
# Visual Studio Version 17
VisualStudioVersion = 17.0.31903.59
MinimumVisualStudioVersion = 10.0.40219.1
Project("{2150E333-8FDC-42A3-9474-1A3956D46DE8}") = "src", "src", "{FCABD2A0-047E-4324-8FD3-46A5D107F4B2}"
EndProject
Project("{FAE04EC0-301F-11D3-BF4B-00C04F79EFBC}") = "Gatherly.Application", "src\Gatherly.Application\Gatherly.Application.csproj", "{5566D295-C6BA-4FD5-9AF2-7D7101AD1A71}"
EndProject
Project("{FAE04EC0-301F-11D3-BF4B-00C04F79EFBC}") = "Gatherly.Domain", "src\Gatherly.Domain\Gatherly.Domain.csproj", "{7924E2D4-0848-463A-B4D9-3A3D9FA02B01}"
EndProject
Project("{FAE04EC0-301F-11D3-BF4B-00C04F79EFBC}") = "Gatherly.Persistence", "src\Gatherly.Persistence\Gatherly.Persistence.csproj", "{63E0519F-E4DA-4F34-B7F9-DFE6E819EE0C}"
EndProject
Project("{FAE04EC0-301F-11D3-BF4B-00C04F79EFBC}") = "Gatherly.Presentation", "src\Gatherly.Presentation\Gatherly.Presentation.csproj", "{63DE7CE9-0487-4DA6-BA84-9CFE581E7371}"
EndProject
Project("{FAE04EC0-301F-11D3-BF4B-00C04F79EFBC}") = "Gatherly.App", "src\Gatherly.App\Gatherly.App.csproj", "{E381D8CB-71AB-4D56-95E1-744D742DF758}"
EndProject
Global
	GlobalSection(SolutionConfigurationPlatforms) = preSolution
		Debug|Any CPU = Debug|Any CPU
		Release|Any CPU = Release|Any CPU
	EndGlobalSection
	GlobalSection(SolutionProperties) = preSolution
		HideSolutionNode = FALSE
	EndGlobalSection
	GlobalSection(ProjectConfigurationPlatforms) = postSolution
		{5566D295-C6BA-4FD5-9AF2-7D7101AD1A71}.Debug|Any CPU.ActiveCfg = Debug|Any CPU
		{5566D295-C6BA-4FD5-9AF2-7D7101AD1A71}.Debug|Any CPU.Build.0 = Debug|Any CPU
		{5566D295-C6BA-4FD5-9AF2-7D7101AD1A71}.Release|Any CPU.ActiveCfg = Release|Any CPU
		{5566D295-C6BA-4FD5-9AF2-7D7101AD1A71}.Release|Any CPU.Build.0 = Release|Any CPU
		{7924E2D4-0848-463A-B4D9-3A3D9FA02B01}.Debug|Any CPU.ActiveCfg = Debug|Any CPU
		{7924E2D4-0848-463A-B4D9-3A3D9FA02B01}.Debug|Any CPU.Build.0 = Debug|Any CPU
		{7924E2D4-0848-463A-B4D9-3A3D9FA02B01}.Release|Any CPU.ActiveCfg = Release|Any CPU
		{7924E2D4-0848-463A-B4D9-3A3D9FA02B01}.Release|Any CPU.Build.0 = Release|Any CPU
		{63E0519F-E4DA-4F34-B7F9-DFE6E819EE0C}.Debug|Any CPU.ActiveCfg = Debug|Any CPU
		{63E0519F-E4DA-4F34-B7F9-DFE6E819EE0C}.Debug|Any CPU.Build.0 = Debug|Any CPU
		{63E0519F-E4DA-4F34-B7F9-DFE6E819EE0C}.Release|Any CPU.ActiveCfg = Release|Any CPU
		{63E0519F-E4DA-4F34-B7F9-DFE6E819EE0C}.Release|Any CPU.Build.0 = Release|Any CPU
		{63DE7CE9-0487-4DA6-BA84-9CFE581E7371}.Debug|Any CPU.ActiveCfg = Debug|Any CPU
		{63DE7CE9-0487-4DA6-BA84-9CFE581E7371}.Debug|Any CPU.Build.0 = Debug|Any CPU
		{63DE7CE9-0487-4DA6-BA84-9CFE581E7371}.Release|Any CPU.ActiveCfg = Release|Any CPU
		{63DE7CE9-0487-4DA6-BA84-9CFE581E7371}.Release|Any CPU.Build.0 = Release|Any CPU
		{E381D8CB-71AB-4D56-95E1-744D742DF758}.Debug|Any CPU.ActiveCfg = Debug|Any CPU
		{E381D8CB-71AB-4D56-95E1-744D742DF758}.Debug|Any CPU.Build.0 = Debug|Any CPU
		{E381D8CB-71AB-4D56-95E1-744D742DF758}.Release|Any CPU.ActiveCfg = Release|Any CPU
		{E381D8CB-71AB-4D56-95E1-744D742DF758}.Release|Any CPU.Build.0 = Release|Any CPU
	EndGlobalSection
	GlobalSection(NestedProjects) = preSolution
		{5566D295-C6BA-4FD5-9AF2-7D7101AD1A71} = {FCABD2A0-047E-4324-8FD3-46A5D107F4B2}
		{7924E2D4-0848-463A-B4D9-3A3D9FA02B01} = {FCABD2A0-047E-4324-8FD3-46A5D107F4B2}
		{63E0519F-E4DA-4F34-B7F9-DFE6E819EE0C} = {FCABD2A0-047E-4324-8FD3-46A5D107F4B2}
		{63DE7CE9-0487-4DA6-BA84-9CFE581E7371} = {FCABD2A0-047E-4324-8FD3-46A5D107F4B2}
		{E381D8CB-71AB-4D56-95E1-744D742DF758} = {FCABD2A0-047E-4324-8FD3-46A5D107F4B2}
	EndGlobalSection
EndGlobal
